
Microsoft Visual Studio Solution File, Format Version 12.00
# Visual Studio Version 17
VisualStudioVersion = 17.3.32519.111
MinimumVisualStudioVersion = 10.0.40219.1
Project("{9A19103F-16F7-4668-BE54-9A1E7A4F7556}") = "Snowberry.IO", "Snowberry.IO\Snowberry.IO.csproj", "{6D1BB716-24B8-4136-893B-4E96DA9BD16A}"
EndProject
Project("{2150E333-8FDC-42A3-9474-1A3956D46DE8}") = "Tests", "Tests", "{BF911002-AABA-4993-AD65-63808B1F6E96}"
EndProject
Project("{9A19103F-16F7-4668-BE54-9A1E7A4F7556}") = "Snowberry.IO.Tests", "Snowberry.IO.Tests\Snowberry.IO.Tests.csproj", "{029FFEBB-9ABD-4C80-839E-D8F0C363BF24}"
EndProject
Project("{9A19103F-16F7-4668-BE54-9A1E7A4F7556}") = "Snowberry.IO.Benchmarks", "Snowberry.IO.Benchmarks\Snowberry.IO.Benchmarks.csproj", "{C1B7175E-3128-492A-8DCB-5DEA4415CAB7}"
EndProject
Project("{9A19103F-16F7-4668-BE54-9A1E7A4F7556}") = "Snowberry.IO.Common", "Snowberry.IO.Common\Snowberry.IO.Common.csproj", "{88CD77BD-F62A-4210-97DF-B9285B403134}"
EndProject
Project("{2150E333-8FDC-42A3-9474-1A3956D46DE8}") = "Benchmarks", "Benchmarks", "{48C2A5C3-51D7-4E22-8BE2-12B120DD3D09}"
EndProject
Global
	GlobalSection(SolutionConfigurationPlatforms) = preSolution
		Debug|Any CPU = Debug|Any CPU
		Debug|x64 = Debug|x64
		Release|Any CPU = Release|Any CPU
		Release|x64 = Release|x64
	EndGlobalSection
	GlobalSection(ProjectConfigurationPlatforms) = postSolution
		{6D1BB716-24B8-4136-893B-4E96DA9BD16A}.Debug|Any CPU.ActiveCfg = Debug|Any CPU
		{6D1BB716-24B8-4136-893B-4E96DA9BD16A}.Debug|Any CPU.Build.0 = Debug|Any CPU
		{6D1BB716-24B8-4136-893B-4E96DA9BD16A}.Debug|x64.ActiveCfg = Debug|x64
		{6D1BB716-24B8-4136-893B-4E96DA9BD16A}.Debug|x64.Build.0 = Debug|x64
		{6D1BB716-24B8-4136-893B-4E96DA9BD16A}.Release|Any CPU.ActiveCfg = Release|Any CPU
		{6D1BB716-24B8-4136-893B-4E96DA9BD16A}.Release|Any CPU.Build.0 = Release|Any CPU
		{6D1BB716-24B8-4136-893B-4E96DA9BD16A}.Release|x64.ActiveCfg = Release|x64
		{6D1BB716-24B8-4136-893B-4E96DA9BD16A}.Release|x64.Build.0 = Release|x64
		{029FFEBB-9ABD-4C80-839E-D8F0C363BF24}.Debug|Any CPU.ActiveCfg = Debug|Any CPU
		{029FFEBB-9ABD-4C80-839E-D8F0C363BF24}.Debug|Any CPU.Build.0 = Debug|Any CPU
		{029FFEBB-9ABD-4C80-839E-D8F0C363BF24}.Debug|x64.ActiveCfg = Debug|x64
		{029FFEBB-9ABD-4C80-839E-D8F0C363BF24}.Debug|x64.Build.0 = Debug|x64
		{029FFEBB-9ABD-4C80-839E-D8F0C363BF24}.Release|Any CPU.ActiveCfg = Release|Any CPU
		{029FFEBB-9ABD-4C80-839E-D8F0C363BF24}.Release|Any CPU.Build.0 = Release|Any CPU
		{029FFEBB-9ABD-4C80-839E-D8F0C363BF24}.Release|x64.ActiveCfg = Release|Any CPU
		{029FFEBB-9ABD-4C80-839E-D8F0C363BF24}.Release|x64.Build.0 = Release|Any CPU
		{C1B7175E-3128-492A-8DCB-5DEA4415CAB7}.Debug|Any CPU.ActiveCfg = Debug|Any CPU
		{C1B7175E-3128-492A-8DCB-5DEA4415CAB7}.Debug|Any CPU.Build.0 = Debug|Any CPU
		{C1B7175E-3128-492A-8DCB-5DEA4415CAB7}.Debug|x64.ActiveCfg = Debug|x64
		{C1B7175E-3128-492A-8DCB-5DEA4415CAB7}.Debug|x64.Build.0 = Debug|x64
		{C1B7175E-3128-492A-8DCB-5DEA4415CAB7}.Release|Any CPU.ActiveCfg = Release|Any CPU
		{C1B7175E-3128-492A-8DCB-5DEA4415CAB7}.Release|Any CPU.Build.0 = Release|Any CPU
		{C1B7175E-3128-492A-8DCB-5DEA4415CAB7}.Release|x64.ActiveCfg = Release|x64
		{C1B7175E-3128-492A-8DCB-5DEA4415CAB7}.Release|x64.Build.0 = Release|x64
		{88CD77BD-F62A-4210-97DF-B9285B403134}.Debug|Any CPU.ActiveCfg = Debug|Any CPU
		{88CD77BD-F62A-4210-97DF-B9285B403134}.Debug|Any CPU.Build.0 = Debug|Any CPU
		{88CD77BD-F62A-4210-97DF-B9285B403134}.Debug|x64.ActiveCfg = Debug|x64
		{88CD77BD-F62A-4210-97DF-B9285B403134}.Debug|x64.Build.0 = Debug|x64
		{88CD77BD-F62A-4210-97DF-B9285B403134}.Release|Any CPU.ActiveCfg = Release|Any CPU
		{88CD77BD-F62A-4210-97DF-B9285B403134}.Release|Any CPU.Build.0 = Release|Any CPU
		{88CD77BD-F62A-4210-97DF-B9285B403134}.Release|x64.ActiveCfg = Release|Any CPU
		{88CD77BD-F62A-4210-97DF-B9285B403134}.Release|x64.Build.0 = Release|Any CPU
	EndGlobalSection
	GlobalSection(SolutionProperties) = preSolution
		HideSolutionNode = FALSE
	EndGlobalSection
	GlobalSection(NestedProjects) = preSolution
		{029FFEBB-9ABD-4C80-839E-D8F0C363BF24} = {BF911002-AABA-4993-AD65-63808B1F6E96}
		{C1B7175E-3128-492A-8DCB-5DEA4415CAB7} = {48C2A5C3-51D7-4E22-8BE2-12B120DD3D09}
	EndGlobalSection
	GlobalSection(ExtensibilityGlobals) = postSolution
		SolutionGuid = {961967CF-F3F5-41D4-9BCF-3A1C1C588103}
	EndGlobalSection
EndGlobal
